
Microsoft Visual Studio Solution File, Format Version 12.00
# Visual Studio Version 16
VisualStudioVersion = 16.0.30503.244
MinimumVisualStudioVersion = 10.0.40219.1
Project("{FAE04EC0-301F-11D3-BF4B-00C04F79EFBC}") = "xadrez-console", "xadrez-console\xadrez-console.csproj", "{B98C1D38-D6B4-4F53-8B10-C070FF262E8A}"
EndProject
Global
	GlobalSection(SolutionConfigurationPlatforms) = preSolution
		Debug|Any CPU = Debug|Any CPU
		Release|Any CPU = Release|Any CPU
	EndGlobalSection
	GlobalSection(ProjectConfigurationPlatforms) = postSolution
		{B98C1D38-D6B4-4F53-8B10-C070FF262E8A}.Debug|Any CPU.ActiveCfg = Debug|Any CPU
		{B98C1D38-D6B4-4F53-8B10-C070FF262E8A}.Debug|Any CPU.Build.0 = Debug|Any CPU
		{B98C1D38-D6B4-4F53-8B10-C070FF262E8A}.Release|Any CPU.ActiveCfg = Release|Any CPU
		{B98C1D38-D6B4-4F53-8B10-C070FF262E8A}.Release|Any CPU.Build.0 = Release|Any CPU
	EndGlobalSection
	GlobalSection(SolutionProperties) = preSolution
		HideSolutionNode = FALSE
	EndGlobalSection
	GlobalSection(ExtensibilityGlobals) = postSolution
		SolutionGuid = {F838EDF0-7F3C-4B31-BBA2-1614E1F36348}
	EndGlobalSection
EndGlobal
